
Microsoft Visual Studio Solution File, Format Version 12.00
# Visual Studio 15
VisualStudioVersion = 15.0.28307.168
MinimumVisualStudioVersion = 10.0.40219.1
Project("{FAE04EC0-301F-11D3-BF4B-00C04F79EFBC}") = "teamGrape", "teamGrape\teamGrape.csproj", "{447E333B-C9B2-457F-943C-F7DE05642DDA}"
EndProject
Global
	GlobalSection(SolutionConfigurationPlatforms) = preSolution
		Debug|Any CPU = Debug|Any CPU
		Release|Any CPU = Release|Any CPU
	EndGlobalSection
	GlobalSection(ProjectConfigurationPlatforms) = postSolution
		{447E333B-C9B2-457F-943C-F7DE05642DDA}.Debug|Any CPU.ActiveCfg = Debug|Any CPU
		{447E333B-C9B2-457F-943C-F7DE05642DDA}.Debug|Any CPU.Build.0 = Debug|Any CPU
		{447E333B-C9B2-457F-943C-F7DE05642DDA}.Release|Any CPU.ActiveCfg = Release|Any CPU
		{447E333B-C9B2-457F-943C-F7DE05642DDA}.Release|Any CPU.Build.0 = Release|Any CPU
	EndGlobalSection
	GlobalSection(SolutionProperties) = preSolution
		HideSolutionNode = FALSE
	EndGlobalSection
	GlobalSection(ExtensibilityGlobals) = postSolution
		SolutionGuid = {0E0297AA-6DED-429E-8127-E0C9CDE5C187}
	EndGlobalSection
EndGlobal
